
Microsoft Visual Studio Solution File, Format Version 12.00
# Visual Studio 2013
VisualStudioVersion = 12.0.31101.0
MinimumVisualStudioVersion = 10.0.40219.1
Project("{8BC9CEB8-8B4A-11D0-8D11-00A0C91BC942}") = "OriginalProject", "OriginalProject.vcxproj", "{C67D4600-6116-4911-A4A6-A05EAA463FAC}"
EndProject
Global
	GlobalSection(SolutionConfigurationPlatforms) = preSolution
		Debug|Win32 = Debug|Win32
		Release|Win32 = Release|Win32
	EndGlobalSection
	GlobalSection(ProjectConfigurationPlatforms) = postSolution
		{C67D4600-6116-4911-A4A6-A05EAA463FAC}.Debug|Win32.ActiveCfg = Debug|Win32
		{C67D4600-6116-4911-A4A6-A05EAA463FAC}.Debug|Win32.Build.0 = Debug|Win32
		{C67D4600-6116-4911-A4A6-A05EAA463FAC}.Release|Win32.ActiveCfg = Release|Win32
		{C67D4600-6116-4911-A4A6-A05EAA463FAC}.Release|Win32.Build.0 = Release|Win32
	EndGlobalSection
	GlobalSection(SolutionProperties) = preSolution
		HideSolutionNode = FALSE
	EndGlobalSection
	GlobalSection(Performance) = preSolution
		HasPerformanceSessions = true
	EndGlobalSection
EndGlobal
